
Microsoft Visual Studio Solution File, Format Version 12.00
# Visual Studio Version 17
VisualStudioVersion = 17.9.34607.119
MinimumVisualStudioVersion = 10.0.40219.1
Project("{FAE04EC0-301F-11D3-BF4B-00C04F79EFBC}") = "SWAPIWebApplication", "SWAPIWebApplication\SWAPIWebApplication.csproj", "{E4EBA35D-4B8A-404F-97A1-4E1E265D86FD}"
EndProject
Global
	GlobalSection(SolutionConfigurationPlatforms) = preSolution
		Debug|Any CPU = Debug|Any CPU
		Release|Any CPU = Release|Any CPU
	EndGlobalSection
	GlobalSection(ProjectConfigurationPlatforms) = postSolution
		{E4EBA35D-4B8A-404F-97A1-4E1E265D86FD}.Debug|Any CPU.ActiveCfg = Debug|Any CPU
		{E4EBA35D-4B8A-404F-97A1-4E1E265D86FD}.Debug|Any CPU.Build.0 = Debug|Any CPU
		{E4EBA35D-4B8A-404F-97A1-4E1E265D86FD}.Release|Any CPU.ActiveCfg = Release|Any CPU
		{E4EBA35D-4B8A-404F-97A1-4E1E265D86FD}.Release|Any CPU.Build.0 = Release|Any CPU
	EndGlobalSection
	GlobalSection(SolutionProperties) = preSolution
		HideSolutionNode = FALSE
	EndGlobalSection
	GlobalSection(ExtensibilityGlobals) = postSolution
		SolutionGuid = {9541F854-E951-4929-9FB7-EC4DE7B7F950}
	EndGlobalSection
EndGlobal
